
Microsoft Visual Studio Solution File, Format Version 12.00
# Visual Studio Version 16
VisualStudioVersion = 16.0.30717.126
MinimumVisualStudioVersion = 10.0.40219.1
Project("{9A19103F-16F7-4668-BE54-9A1E7A4F7556}") = "PascalTriangle", "PascalTriangle\PascalTriangle.csproj", "{3EBDDFAF-C8E4-4FFE-BF64-77ED9B970CB0}"
EndProject
Project("{9A19103F-16F7-4668-BE54-9A1E7A4F7556}") = "AddOneToNumber", "AddOneToNumber\AddOneToNumber.csproj", "{E2CC8311-7C0C-4B1C-923B-B78715A926CD}"
EndProject
Project("{9A19103F-16F7-4668-BE54-9A1E7A4F7556}") = "FindDuplicateInArray", "FindDuplicateInArray\FindDuplicateInArray.csproj", "{530B8C6C-F56D-45B4-A1A2-CDEC828662CA}"
EndProject
Project("{9A19103F-16F7-4668-BE54-9A1E7A4F7556}") = "MaxSumContiguousSubarray", "MaxSumContiguousSubarray\MaxSumContiguousSubarray.csproj", "{ABFBEEC0-E5AF-41E7-9B85-DA75798EA433}"
EndProject
Project("{9A19103F-16F7-4668-BE54-9A1E7A4F7556}") = "WaveArray", "WaveArray\WaveArray.csproj", "{D2601D0F-1AFC-4BD6-98CF-D487B89EA94D}"
EndProject
Project("{9A19103F-16F7-4668-BE54-9A1E7A4F7556}") = "SortArrayWithSquares", "SortArrayWithSquares\SortArrayWithSquares.csproj", "{92772247-4BA6-44FC-A4C9-FD0F3DB1ED41}"
EndProject
Project("{9A19103F-16F7-4668-BE54-9A1E7A4F7556}") = "MaximumSumSquareSubMatrix", "MaximumSumSquareSubMatrix\MaximumSumSquareSubMatrix.csproj", "{824262D7-99D5-4798-90F0-B902A5DB67BE}"
EndProject
Project("{9A19103F-16F7-4668-BE54-9A1E7A4F7556}") = "FirstMissingInteger", "FirstMissingInteger\FirstMissingInteger.csproj", "{831D1095-D320-4CED-8C57-4A1566E8FFF9}"
EndProject
Project("{9A19103F-16F7-4668-BE54-9A1E7A4F7556}") = "KthRowOfPascalTriangle", "KthRowOfPascalTriangle\KthRowOfPascalTriangle.csproj", "{3F00E7F6-22BF-4F6B-B7B1-219D83194056}"
EndProject
Project("{9A19103F-16F7-4668-BE54-9A1E7A4F7556}") = "MaximumAbsoluteDifference", "MaximumAbsoluteDifference\MaximumAbsoluteDifference.csproj", "{00D228DF-4E06-4B20-8EDA-15BEF74E0E98}"
EndProject
Project("{9A19103F-16F7-4668-BE54-9A1E7A4F7556}") = "MaxMin", "MaxMin\MaxMin.csproj", "{C4C84B25-0369-430A-A4D1-FE201B157F7E}"
EndProject
Project("{2150E333-8FDC-42A3-9474-1A3956D46DE8}") = "Math", "Math", "{37E5B4C6-17B6-4EF0-9998-E586D2149820}"
EndProject
Project("{9A19103F-16F7-4668-BE54-9A1E7A4F7556}") = "AllFactors", "AllFactors\AllFactors.csproj", "{8A93036A-4D94-48E7-BA76-C97A534595A8}"
EndProject
Project("{2150E333-8FDC-42A3-9474-1A3956D46DE8}") = "Arrays", "Arrays", "{A98A9CA3-8DD8-4D9D-AEAD-A696B4AE94D8}"
EndProject
Project("{9A19103F-16F7-4668-BE54-9A1E7A4F7556}") = "VerifyPrime", "VerifyPrime\VerifyPrime.csproj", "{71C6076C-1FAE-4043-98B0-71E24FF2927A}"
EndProject
Project("{9A19103F-16F7-4668-BE54-9A1E7A4F7556}") = "BinaryRepresentation", "BinaryRepresentation\BinaryRepresentation.csproj", "{8CDD3950-AB3B-407E-B56F-50D52ABC2413}"
EndProject
Project("{9A19103F-16F7-4668-BE54-9A1E7A4F7556}") = "FizzBuzz", "FizzBuzz\FizzBuzz.csproj", "{5451320E-996B-4722-9D22-03A90F260A8B}"
EndProject
Project("{9A19103F-16F7-4668-BE54-9A1E7A4F7556}") = "GreatestCommonDivisor", "GreatestCommonDivisor\GreatestCommonDivisor.csproj", "{DFC94B1F-07CC-4B90-A6B3-4B8BDA281844}"
EndProject
Project("{9A19103F-16F7-4668-BE54-9A1E7A4F7556}") = "PrimeNumbers", "PrimeNumbers\PrimeNumbers.csproj", "{BA10C1ED-792B-4DD1-8771-52B9F2029EF5}"
EndProject
Project("{9A19103F-16F7-4668-BE54-9A1E7A4F7556}") = "PalindromeInteger", "PalindromeInteger\PalindromeInteger.csproj", "{48A5B83F-4A36-4955-A366-63BA524E69F6}"
EndProject
Project("{9A19103F-16F7-4668-BE54-9A1E7A4F7556}") = "ExcelColumnNumber", "ExcelColumnNumber\ExcelColumnNumber.csproj", "{EFCA6EF7-9375-4C48-A5B2-BB49DC06A6E0}"
EndProject
Project("{FAE04EC0-301F-11D3-BF4B-00C04F79EFBC}") = "ReverseInteger", "ReverseInteger\ReverseInteger.csproj", "{DB0311C6-9A7F-4166-A022-ECC89DC4D827}"
EndProject
Global
	GlobalSection(SolutionConfigurationPlatforms) = preSolution
		Debug|Any CPU = Debug|Any CPU
		Release|Any CPU = Release|Any CPU
	EndGlobalSection
	GlobalSection(ProjectConfigurationPlatforms) = postSolution
		{3EBDDFAF-C8E4-4FFE-BF64-77ED9B970CB0}.Debug|Any CPU.ActiveCfg = Debug|Any CPU
		{3EBDDFAF-C8E4-4FFE-BF64-77ED9B970CB0}.Debug|Any CPU.Build.0 = Debug|Any CPU
		{3EBDDFAF-C8E4-4FFE-BF64-77ED9B970CB0}.Release|Any CPU.ActiveCfg = Release|Any CPU
		{3EBDDFAF-C8E4-4FFE-BF64-77ED9B970CB0}.Release|Any CPU.Build.0 = Release|Any CPU
		{E2CC8311-7C0C-4B1C-923B-B78715A926CD}.Debug|Any CPU.ActiveCfg = Debug|Any CPU
		{E2CC8311-7C0C-4B1C-923B-B78715A926CD}.Debug|Any CPU.Build.0 = Debug|Any CPU
		{E2CC8311-7C0C-4B1C-923B-B78715A926CD}.Release|Any CPU.ActiveCfg = Release|Any CPU
		{E2CC8311-7C0C-4B1C-923B-B78715A926CD}.Release|Any CPU.Build.0 = Release|Any CPU
		{530B8C6C-F56D-45B4-A1A2-CDEC828662CA}.Debug|Any CPU.ActiveCfg = Debug|Any CPU
		{530B8C6C-F56D-45B4-A1A2-CDEC828662CA}.Debug|Any CPU.Build.0 = Debug|Any CPU
		{530B8C6C-F56D-45B4-A1A2-CDEC828662CA}.Release|Any CPU.ActiveCfg = Release|Any CPU
		{530B8C6C-F56D-45B4-A1A2-CDEC828662CA}.Release|Any CPU.Build.0 = Release|Any CPU
		{ABFBEEC0-E5AF-41E7-9B85-DA75798EA433}.Debug|Any CPU.ActiveCfg = Debug|Any CPU
		{ABFBEEC0-E5AF-41E7-9B85-DA75798EA433}.Debug|Any CPU.Build.0 = Debug|Any CPU
		{ABFBEEC0-E5AF-41E7-9B85-DA75798EA433}.Release|Any CPU.ActiveCfg = Release|Any CPU
		{ABFBEEC0-E5AF-41E7-9B85-DA75798EA433}.Release|Any CPU.Build.0 = Release|Any CPU
		{D2601D0F-1AFC-4BD6-98CF-D487B89EA94D}.Debug|Any CPU.ActiveCfg = Debug|Any CPU
		{D2601D0F-1AFC-4BD6-98CF-D487B89EA94D}.Debug|Any CPU.Build.0 = Debug|Any CPU
		{D2601D0F-1AFC-4BD6-98CF-D487B89EA94D}.Release|Any CPU.ActiveCfg = Release|Any CPU
		{D2601D0F-1AFC-4BD6-98CF-D487B89EA94D}.Release|Any CPU.Build.0 = Release|Any CPU
		{92772247-4BA6-44FC-A4C9-FD0F3DB1ED41}.Debug|Any CPU.ActiveCfg = Debug|Any CPU
		{92772247-4BA6-44FC-A4C9-FD0F3DB1ED41}.Debug|Any CPU.Build.0 = Debug|Any CPU
		{92772247-4BA6-44FC-A4C9-FD0F3DB1ED41}.Release|Any CPU.ActiveCfg = Release|Any CPU
		{92772247-4BA6-44FC-A4C9-FD0F3DB1ED41}.Release|Any CPU.Build.0 = Release|Any CPU
		{824262D7-99D5-4798-90F0-B902A5DB67BE}.Debug|Any CPU.ActiveCfg = Debug|Any CPU
		{824262D7-99D5-4798-90F0-B902A5DB67BE}.Debug|Any CPU.Build.0 = Debug|Any CPU
		{824262D7-99D5-4798-90F0-B902A5DB67BE}.Release|Any CPU.ActiveCfg = Release|Any CPU
		{824262D7-99D5-4798-90F0-B902A5DB67BE}.Release|Any CPU.Build.0 = Release|Any CPU
		{831D1095-D320-4CED-8C57-4A1566E8FFF9}.Debug|Any CPU.ActiveCfg = Debug|Any CPU
		{831D1095-D320-4CED-8C57-4A1566E8FFF9}.Debug|Any CPU.Build.0 = Debug|Any CPU
		{831D1095-D320-4CED-8C57-4A1566E8FFF9}.Release|Any CPU.ActiveCfg = Release|Any CPU
		{831D1095-D320-4CED-8C57-4A1566E8FFF9}.Release|Any CPU.Build.0 = Release|Any CPU
		{3F00E7F6-22BF-4F6B-B7B1-219D83194056}.Debug|Any CPU.ActiveCfg = Debug|Any CPU
		{3F00E7F6-22BF-4F6B-B7B1-219D83194056}.Debug|Any CPU.Build.0 = Debug|Any CPU
		{3F00E7F6-22BF-4F6B-B7B1-219D83194056}.Release|Any CPU.ActiveCfg = Release|Any CPU
		{3F00E7F6-22BF-4F6B-B7B1-219D83194056}.Release|Any CPU.Build.0 = Release|Any CPU
		{00D228DF-4E06-4B20-8EDA-15BEF74E0E98}.Debug|Any CPU.ActiveCfg = Debug|Any CPU
		{00D228DF-4E06-4B20-8EDA-15BEF74E0E98}.Debug|Any CPU.Build.0 = Debug|Any CPU
		{00D228DF-4E06-4B20-8EDA-15BEF74E0E98}.Release|Any CPU.ActiveCfg = Release|Any CPU
		{00D228DF-4E06-4B20-8EDA-15BEF74E0E98}.Release|Any CPU.Build.0 = Release|Any CPU
		{C4C84B25-0369-430A-A4D1-FE201B157F7E}.Debug|Any CPU.ActiveCfg = Debug|Any CPU
		{C4C84B25-0369-430A-A4D1-FE201B157F7E}.Debug|Any CPU.Build.0 = Debug|Any CPU
		{C4C84B25-0369-430A-A4D1-FE201B157F7E}.Release|Any CPU.ActiveCfg = Release|Any CPU
		{C4C84B25-0369-430A-A4D1-FE201B157F7E}.Release|Any CPU.Build.0 = Release|Any CPU
		{8A93036A-4D94-48E7-BA76-C97A534595A8}.Debug|Any CPU.ActiveCfg = Debug|Any CPU
		{8A93036A-4D94-48E7-BA76-C97A534595A8}.Debug|Any CPU.Build.0 = Debug|Any CPU
		{8A93036A-4D94-48E7-BA76-C97A534595A8}.Release|Any CPU.ActiveCfg = Release|Any CPU
		{8A93036A-4D94-48E7-BA76-C97A534595A8}.Release|Any CPU.Build.0 = Release|Any CPU
		{71C6076C-1FAE-4043-98B0-71E24FF2927A}.Debug|Any CPU.ActiveCfg = Debug|Any CPU
		{71C6076C-1FAE-4043-98B0-71E24FF2927A}.Debug|Any CPU.Build.0 = Debug|Any CPU
		{71C6076C-1FAE-4043-98B0-71E24FF2927A}.Release|Any CPU.ActiveCfg = Release|Any CPU
		{71C6076C-1FAE-4043-98B0-71E24FF2927A}.Release|Any CPU.Build.0 = Release|Any CPU
		{8CDD3950-AB3B-407E-B56F-50D52ABC2413}.Debug|Any CPU.ActiveCfg = Debug|Any CPU
		{8CDD3950-AB3B-407E-B56F-50D52ABC2413}.Debug|Any CPU.Build.0 = Debug|Any CPU
		{8CDD3950-AB3B-407E-B56F-50D52ABC2413}.Release|Any CPU.ActiveCfg = Release|Any CPU
		{8CDD3950-AB3B-407E-B56F-50D52ABC2413}.Release|Any CPU.Build.0 = Release|Any CPU
		{5451320E-996B-4722-9D22-03A90F260A8B}.Debug|Any CPU.ActiveCfg = Debug|Any CPU
		{5451320E-996B-4722-9D22-03A90F260A8B}.Debug|Any CPU.Build.0 = Debug|Any CPU
		{5451320E-996B-4722-9D22-03A90F260A8B}.Release|Any CPU.ActiveCfg = Release|Any CPU
		{5451320E-996B-4722-9D22-03A90F260A8B}.Release|Any CPU.Build.0 = Release|Any CPU
		{DFC94B1F-07CC-4B90-A6B3-4B8BDA281844}.Debug|Any CPU.ActiveCfg = Debug|Any CPU
		{DFC94B1F-07CC-4B90-A6B3-4B8BDA281844}.Debug|Any CPU.Build.0 = Debug|Any CPU
		{DFC94B1F-07CC-4B90-A6B3-4B8BDA281844}.Release|Any CPU.ActiveCfg = Release|Any CPU
		{DFC94B1F-07CC-4B90-A6B3-4B8BDA281844}.Release|Any CPU.Build.0 = Release|Any CPU
		{BA10C1ED-792B-4DD1-8771-52B9F2029EF5}.Debug|Any CPU.ActiveCfg = Debug|Any CPU
		{BA10C1ED-792B-4DD1-8771-52B9F2029EF5}.Debug|Any CPU.Build.0 = Debug|Any CPU
		{BA10C1ED-792B-4DD1-8771-52B9F2029EF5}.Release|Any CPU.ActiveCfg = Release|Any CPU
		{BA10C1ED-792B-4DD1-8771-52B9F2029EF5}.Release|Any CPU.Build.0 = Release|Any CPU
		{48A5B83F-4A36-4955-A366-63BA524E69F6}.Debug|Any CPU.ActiveCfg = Debug|Any CPU
		{48A5B83F-4A36-4955-A366-63BA524E69F6}.Debug|Any CPU.Build.0 = Debug|Any CPU
		{48A5B83F-4A36-4955-A366-63BA524E69F6}.Release|Any CPU.ActiveCfg = Release|Any CPU
		{48A5B83F-4A36-4955-A366-63BA524E69F6}.Release|Any CPU.Build.0 = Release|Any CPU
		{EFCA6EF7-9375-4C48-A5B2-BB49DC06A6E0}.Debug|Any CPU.ActiveCfg = Debug|Any CPU
		{EFCA6EF7-9375-4C48-A5B2-BB49DC06A6E0}.Debug|Any CPU.Build.0 = Debug|Any CPU
		{EFCA6EF7-9375-4C48-A5B2-BB49DC06A6E0}.Release|Any CPU.ActiveCfg = Release|Any CPU
		{EFCA6EF7-9375-4C48-A5B2-BB49DC06A6E0}.Release|Any CPU.Build.0 = Release|Any CPU
		{DB0311C6-9A7F-4166-A022-ECC89DC4D827}.Debug|Any CPU.ActiveCfg = Debug|Any CPU
		{DB0311C6-9A7F-4166-A022-ECC89DC4D827}.Debug|Any CPU.Build.0 = Debug|Any CPU
		{DB0311C6-9A7F-4166-A022-ECC89DC4D827}.Release|Any CPU.ActiveCfg = Release|Any CPU
		{DB0311C6-9A7F-4166-A022-ECC89DC4D827}.Release|Any CPU.Build.0 = Release|Any CPU
	EndGlobalSection
	GlobalSection(SolutionProperties) = preSolution
		HideSolutionNode = FALSE
	EndGlobalSection
	GlobalSection(NestedProjects) = preSolution
		{3EBDDFAF-C8E4-4FFE-BF64-77ED9B970CB0} = {A98A9CA3-8DD8-4D9D-AEAD-A696B4AE94D8}
		{E2CC8311-7C0C-4B1C-923B-B78715A926CD} = {A98A9CA3-8DD8-4D9D-AEAD-A696B4AE94D8}
		{530B8C6C-F56D-45B4-A1A2-CDEC828662CA} = {A98A9CA3-8DD8-4D9D-AEAD-A696B4AE94D8}
		{ABFBEEC0-E5AF-41E7-9B85-DA75798EA433} = {A98A9CA3-8DD8-4D9D-AEAD-A696B4AE94D8}
		{D2601D0F-1AFC-4BD6-98CF-D487B89EA94D} = {A98A9CA3-8DD8-4D9D-AEAD-A696B4AE94D8}
		{92772247-4BA6-44FC-A4C9-FD0F3DB1ED41} = {A98A9CA3-8DD8-4D9D-AEAD-A696B4AE94D8}
		{824262D7-99D5-4798-90F0-B902A5DB67BE} = {A98A9CA3-8DD8-4D9D-AEAD-A696B4AE94D8}
		{831D1095-D320-4CED-8C57-4A1566E8FFF9} = {A98A9CA3-8DD8-4D9D-AEAD-A696B4AE94D8}
		{3F00E7F6-22BF-4F6B-B7B1-219D83194056} = {A98A9CA3-8DD8-4D9D-AEAD-A696B4AE94D8}
		{00D228DF-4E06-4B20-8EDA-15BEF74E0E98} = {A98A9CA3-8DD8-4D9D-AEAD-A696B4AE94D8}
		{C4C84B25-0369-430A-A4D1-FE201B157F7E} = {A98A9CA3-8DD8-4D9D-AEAD-A696B4AE94D8}
		{8A93036A-4D94-48E7-BA76-C97A534595A8} = {37E5B4C6-17B6-4EF0-9998-E586D2149820}
		{71C6076C-1FAE-4043-98B0-71E24FF2927A} = {37E5B4C6-17B6-4EF0-9998-E586D2149820}
		{8CDD3950-AB3B-407E-B56F-50D52ABC2413} = {37E5B4C6-17B6-4EF0-9998-E586D2149820}
		{5451320E-996B-4722-9D22-03A90F260A8B} = {37E5B4C6-17B6-4EF0-9998-E586D2149820}
		{DFC94B1F-07CC-4B90-A6B3-4B8BDA281844} = {37E5B4C6-17B6-4EF0-9998-E586D2149820}
		{BA10C1ED-792B-4DD1-8771-52B9F2029EF5} = {37E5B4C6-17B6-4EF0-9998-E586D2149820}
		{48A5B83F-4A36-4955-A366-63BA524E69F6} = {37E5B4C6-17B6-4EF0-9998-E586D2149820}
		{EFCA6EF7-9375-4C48-A5B2-BB49DC06A6E0} = {37E5B4C6-17B6-4EF0-9998-E586D2149820}
		{DB0311C6-9A7F-4166-A022-ECC89DC4D827} = {37E5B4C6-17B6-4EF0-9998-E586D2149820}
	EndGlobalSection
	GlobalSection(ExtensibilityGlobals) = postSolution
		SolutionGuid = {EDAD7C62-D4CA-4CA5-B1EB-9114C111CFCE}
	EndGlobalSection
EndGlobal
